<Solution>
  <Folder Name="/src/">
    <Project Path="src/EventService.API/EventService.API.csproj" />
    <Project Path="src/EventService.Application/EventService.Application.csproj" />
    <Project Path="src/EventService.Domain/EventService.Domain.csproj" />
    <Project Path="src/EventService.Infrastructure/EventService.Infrastructure.csproj" />
  </Folder>
  <Folder Name="/tests/">
    <Project Path="tests/EventService.Domain.Tests/EventService.Domain.Tests.csproj" />
    <Project Path="tests/EventService.Infrastructure.Tests/EventService.Infrastructure.Tests.csproj" />
  </Folder>
</Solution>
