<Solution>
  <Folder Name="/src/">
    <Project Path="src/PaymentService.Domain/PaymentService.Domain.csproj" />
    <Project Path="src/PaymentService.Application/PaymentService.Application.csproj" />
    <Project Path="src/PaymentService.Infrastructure/PaymentService.Infrastructure.csproj" />
    <Project Path="src/PaymentService.API/PaymentService.API.csproj" />
  </Folder>
  <Folder Name="/tests/">
    <Project Path="tests/PaymentService.Infrastructure.Tests/PaymentService.Infrastructure.Tests.csproj" />
  </Folder>
</Solution>
